
Microsoft Visual Studio Solution File, Format Version 12.00
# Visual Studio Version 17
VisualStudioVersion = 17.9.34728.123
MinimumVisualStudioVersion = 10.0.40219.1
Project("{FAE04EC0-301F-11D3-BF4B-00C04F79EFBC}") = "PiV-CPU", "PiV-CPU\PiV-CPU.csproj", "{0FEF781D-E0A0-4024-A465-0CDDEBCE4C40}"
EndProject
Global
	GlobalSection(SolutionConfigurationPlatforms) = preSolution
		Debug|Any CPU = Debug|Any CPU
		Release|Any CPU = Release|Any CPU
	EndGlobalSection
	GlobalSection(ProjectConfigurationPlatforms) = postSolution
		{0FEF781D-E0A0-4024-A465-0CDDEBCE4C40}.Debug|Any CPU.ActiveCfg = Debug|Any CPU
		{0FEF781D-E0A0-4024-A465-0CDDEBCE4C40}.Debug|Any CPU.Build.0 = Debug|Any CPU
		{0FEF781D-E0A0-4024-A465-0CDDEBCE4C40}.Release|Any CPU.ActiveCfg = Release|Any CPU
		{0FEF781D-E0A0-4024-A465-0CDDEBCE4C40}.Release|Any CPU.Build.0 = Release|Any CPU
	EndGlobalSection
	GlobalSection(SolutionProperties) = preSolution
		HideSolutionNode = FALSE
	EndGlobalSection
	GlobalSection(ExtensibilityGlobals) = postSolution
		SolutionGuid = {5BB689F0-A2B1-4E32-B19B-73B43ABEC11B}
	EndGlobalSection
EndGlobal
